// !$*UTF8*$!
{
	archiveVersion = 1;
	classes = {
	};
	objectVersion = 50;
	objects = {

/* Begin PBXBuildFile section */
		7217767F26EED3F60091A45E /* resorts.json in Resources */ = {isa = PBXBuildFile; fileRef = 7217767E26EED3F60091A45E /* resorts.json */; };
		7217768026EED3F60091A45E /* resorts.json in Resources */ = {isa = PBXBuildFile; fileRef = 7217767E26EED3F60091A45E /* resorts.json */; };
		7217768226EED53B0091A45E /* Resort.swift in Sources */ = {isa = PBXBuildFile; fileRef = 7217768126EED53B0091A45E /* Resort.swift */; };
		7217768326EED53B0091A45E /* Resort.swift in Sources */ = {isa = PBXBuildFile; fileRef = 7217768126EED53B0091A45E /* Resort.swift */; };
		7217768526EED68F0091A45E /* Bundle-Decodable.swift in Sources */ = {isa = PBXBuildFile; fileRef = 7217768426EED68F0091A45E /* Bundle-Decodable.swift */; };
		7217768626EED68F0091A45E /* Bundle-Decodable.swift in Sources */ = {isa = PBXBuildFile; fileRef = 7217768426EED68F0091A45E /* Bundle-Decodable.swift */; };
		7217768826EEDBB30091A45E /* WelcomeView.swift in Sources */ = {isa = PBXBuildFile; fileRef = 7217768726EEDBB30091A45E /* WelcomeView.swift */; };
		7217768926EEDBB30091A45E /* WelcomeView.swift in Sources */ = {isa = PBXBuildFile; fileRef = 7217768726EEDBB30091A45E /* WelcomeView.swift */; };
		724BCA8926EE471300CC5E13 /* SnowSeekerApp.swift in Sources */ = {isa = PBXBuildFile; fileRef = 724BCA7626EE471200CC5E13 /* SnowSeekerApp.swift */; };
		724BCA8A26EE471300CC5E13 /* SnowSeekerApp.swift in Sources */ = {isa = PBXBuildFile; fileRef = 724BCA7626EE471200CC5E13 /* SnowSeekerApp.swift */; };
		724BCA8B26EE471300CC5E13 /* ContentView.swift in Sources */ = {isa = PBXBuildFile; fileRef = 724BCA7726EE471200CC5E13 /* ContentView.swift */; };
		724BCA8C26EE471300CC5E13 /* ContentView.swift in Sources */ = {isa = PBXBuildFile; fileRef = 724BCA7726EE471200CC5E13 /* ContentView.swift */; };
		724BCA8D26EE471300CC5E13 /* Assets.xcassets in Resources */ = {isa = PBXBuildFile; fileRef = 724BCA7826EE471300CC5E13 /* Assets.xcassets */; };
		724BCA8E26EE471300CC5E13 /* Assets.xcassets in Resources */ = {isa = PBXBuildFile; fileRef = 724BCA7826EE471300CC5E13 /* Assets.xcassets */; };
/* End PBXBuildFile section */

/* Begin PBXFileReference section */
		7217767E26EED3F60091A45E /* resorts.json */ = {isa = PBXFileReference; fileEncoding = 4; lastKnownFileType = text.json; name = resorts.json; path = "../../../../Downloads/HackingWithSwift-main/SwiftUI/project19-files/resorts.json"; sourceTree = "<group>"; };
		7217768126EED53B0091A45E /* Resort.swift */ = {isa = PBXFileReference; lastKnownFileType = sourcecode.swift; path = Resort.swift; sourceTree = "<group>"; };
		7217768426EED68F0091A45E /* Bundle-Decodable.swift */ = {isa = PBXFileReference; lastKnownFileType = sourcecode.swift; path = "Bundle-Decodable.swift"; sourceTree = "<group>"; };
		7217768726EEDBB30091A45E /* WelcomeView.swift */ = {isa = PBXFileReference; lastKnownFileType = sourcecode.swift; path = WelcomeView.swift; sourceTree = "<group>"; };
		724BCA7626EE471200CC5E13 /* SnowSeekerApp.swift */ = {isa = PBXFileReference; lastKnownFileType = sourcecode.swift; path = SnowSeekerApp.swift; sourceTree = "<group>"; };
		724BCA7726EE471200CC5E13 /* ContentView.swift */ = {isa = PBXFileReference; lastKnownFileType = sourcecode.swift; path = ContentView.swift; sourceTree = "<group>"; };
		724BCA7826EE471300CC5E13 /* Assets.xcassets */ = {isa = PBXFileReference; lastKnownFileType = folder.assetcatalog; path = Assets.xcassets; sourceTree = "<group>"; };
		724BCA7D26EE471300CC5E13 /* SnowSeeker.app */ = {isa = PBXFileReference; explicitFileType = wrapper.application; includeInIndex = 0; path = SnowSeeker.app; sourceTree = BUILT_PRODUCTS_DIR; };
		724BCA8026EE471300CC5E13 /* Info.plist */ = {isa = PBXFileReference; lastKnownFileType = text.plist.xml; path = Info.plist; sourceTree = "<group>"; };
		724BCA8526EE471300CC5E13 /* SnowSeeker.app */ = {isa = PBXFileReference; explicitFileType = wrapper.application; includeInIndex = 0; path = SnowSeeker.app; sourceTree = BUILT_PRODUCTS_DIR; };
		724BCA8726EE471300CC5E13 /* Info.plist */ = {isa = PBXFileReference; lastKnownFileType = text.plist.xml; path = Info.plist; sourceTree = "<group>"; };
		724BCA8826EE471300CC5E13 /* macOS.entitlements */ = {isa = PBXFileReference; lastKnownFileType = text.plist.entitlements; path = macOS.entitlements; sourceTree = "<group>"; };
/* End PBXFileReference section */

/* Begin PBXFrameworksBuildPhase section */
		724BCA7A26EE471300CC5E13 /* Frameworks */ = {
			isa = PBXFrameworksBuildPhase;
			buildActionMask = 2147483647;
			files = (
			);
			runOnlyForDeploymentPostprocessing = 0;
		};
		724BCA8226EE471300CC5E13 /* Frameworks */ = {
			isa = PBXFrameworksBuildPhase;
			buildActionMask = 2147483647;
			files = (
			);
			runOnlyForDeploymentPostprocessing = 0;
		};
/* End PBXFrameworksBuildPhase section */

/* Begin PBXGroup section */
		724BCA7026EE471100CC5E13 = {
			isa = PBXGroup;
			children = (
				724BCA7526EE471200CC5E13 /* Shared */,
				724BCA7F26EE471300CC5E13 /* iOS */,
				724BCA8626EE471300CC5E13 /* macOS */,
				724BCA7E26EE471300CC5E13 /* Products */,
			);
			sourceTree = "<group>";
		};
		724BCA7526EE471200CC5E13 /* Shared */ = {
			isa = PBXGroup;
			children = (
				724BCA7626EE471200CC5E13 /* SnowSeekerApp.swift */,
				724BCA7726EE471200CC5E13 /* ContentView.swift */,
				7217768726EEDBB30091A45E /* WelcomeView.swift */,
				7217768426EED68F0091A45E /* Bundle-Decodable.swift */,
				7217768126EED53B0091A45E /* Resort.swift */,
				724BCA7826EE471300CC5E13 /* Assets.xcassets */,
				7217767E26EED3F60091A45E /* resorts.json */,
			);
			path = Shared;
			sourceTree = "<group>";
		};
		724BCA7E26EE471300CC5E13 /* Products */ = {
			isa = PBXGroup;
			children = (
				724BCA7D26EE471300CC5E13 /* SnowSeeker.app */,
				724BCA8526EE471300CC5E13 /* SnowSeeker.app */,
			);
			name = Products;
			sourceTree = "<group>";
		};
		724BCA7F26EE471300CC5E13 /* iOS */ = {
			isa = PBXGroup;
			children = (
				724BCA8026EE471300CC5E13 /* Info.plist */,
			);
			path = iOS;
			sourceTree = "<group>";
		};
		724BCA8626EE471300CC5E13 /* macOS */ = {
			isa = PBXGroup;
			children = (
				724BCA8726EE471300CC5E13 /* Info.plist */,
				724BCA8826EE471300CC5E13 /* macOS.entitlements */,
			);
			path = macOS;
			sourceTree = "<group>";
		};
/* End PBXGroup section */

/* Begin PBXNativeTarget section */
		724BCA7C26EE471300CC5E13 /* SnowSeeker (iOS) */ = {
			isa = PBXNativeTarget;
			buildConfigurationList = 724BCA9126EE471300CC5E13 /* Build configuration list for PBXNativeTarget "SnowSeeker (iOS)" */;
			buildPhases = (
				724BCA7926EE471300CC5E13 /* Sources */,
				724BCA7A26EE471300CC5E13 /* Frameworks */,
				724BCA7B26EE471300CC5E13 /* Resources */,
			);
			buildRules = (
			);
			dependencies = (
			);
			name = "SnowSeeker (iOS)";
			productName = "SnowSeeker (iOS)";
			productReference = 724BCA7D26EE471300CC5E13 /* SnowSeeker.app */;
			productType = "com.apple.product-type.application";
		};
		724BCA8426EE471300CC5E13 /* SnowSeeker (macOS) */ = {
			isa = PBXNativeTarget;
			buildConfigurationList = 724BCA9426EE471300CC5E13 /* Build configuration list for PBXNativeTarget "SnowSeeker (macOS)" */;
			buildPhases = (
				724BCA8126EE471300CC5E13 /* Sources */,
				724BCA8226EE471300CC5E13 /* Frameworks */,
				724BCA8326EE471300CC5E13 /* Resources */,
			);
			buildRules = (
			);
			dependencies = (
			);
			name = "SnowSeeker (macOS)";
			productName = "SnowSeeker (macOS)";
			productReference = 724BCA8526EE471300CC5E13 /* SnowSeeker.app */;
			productType = "com.apple.product-type.application";
		};
/* End PBXNativeTarget section */

/* Begin PBXProject section */
		724BCA7126EE471100CC5E13 /* Project object */ = {
			isa = PBXProject;
			attributes = {
				LastSwiftUpdateCheck = 1250;
				LastUpgradeCheck = 1250;
				TargetAttributes = {
					724BCA7C26EE471300CC5E13 = {
						CreatedOnToolsVersion = 12.5.1;
					};
					724BCA8426EE471300CC5E13 = {
						CreatedOnToolsVersion = 12.5.1;
					};
				};
			};
			buildConfigurationList = 724BCA7426EE471100CC5E13 /* Build configuration list for PBXProject "SnowSeeker" */;
			compatibilityVersion = "Xcode 9.3";
			developmentRegion = en;
			hasScannedForEncodings = 0;
			knownRegions = (
				en,
				Base,
			);
			mainGroup = 724BCA7026EE471100CC5E13;
			productRefGroup = 724BCA7E26EE471300CC5E13 /* Products */;
			projectDirPath = "";
			projectRoot = "";
			targets = (
				724BCA7C26EE471300CC5E13 /* SnowSeeker (iOS) */,
				724BCA8426EE471300CC5E13 /* SnowSeeker (macOS) */,
			);
		};
/* End PBXProject section */

/* Begin PBXResourcesBuildPhase section */
		724BCA7B26EE471300CC5E13 /* Resources */ = {
			isa = PBXResourcesBuildPhase;
			buildActionMask = 2147483647;
			files = (
				7217767F26EED3F60091A45E /* resorts.json in Resources */,
				724BCA8D26EE471300CC5E13 /* Assets.xcassets in Resources */,
			);
			runOnlyForDeploymentPostprocessing = 0;
		};
		724BCA8326EE471300CC5E13 /* Resources */ = {
			isa = PBXResourcesBuildPhase;
			buildActionMask = 2147483647;
			files = (
				7217768026EED3F60091A45E /* resorts.json in Resources */,
				724BCA8E26EE471300CC5E13 /* Assets.xcassets in Resources */,
			);
			runOnlyForDeploymentPostprocessing = 0;
		};
/* End PBXResourcesBuildPhase section */

/* Begin PBXSourcesBuildPhase section */
		724BCA7926EE471300CC5E13 /* Sources */ = {
			isa = PBXSourcesBuildPhase;
			buildActionMask = 2147483647;
			files = (
				7217768826EEDBB30091A45E /* WelcomeView.swift in Sources */,
				724BCA8B26EE471300CC5E13 /* ContentView.swift in Sources */,
				7217768226EED53B0091A45E /* Resort.swift in Sources */,
				724BCA8926EE471300CC5E13 /* SnowSeekerApp.swift in Sources */,
				7217768526EED68F0091A45E /* Bundle-Decodable.swift in Sources */,
			);
			runOnlyForDeploymentPostprocessing = 0;
		};
		724BCA8126EE471300CC5E13 /* Sources */ = {
			isa = PBXSourcesBuildPhase;
			buildActionMask = 2147483647;
			files = (
				7217768926EEDBB30091A45E /* WelcomeView.swift in Sources */,
				724BCA8C26EE471300CC5E13 /* ContentView.swift in Sources */,
				7217768326EED53B0091A45E /* Resort.swift in Sources */,
				724BCA8A26EE471300CC5E13 /* SnowSeekerApp.swift in Sources */,
				7217768626EED68F0091A45E /* Bundle-Decodable.swift in Sources */,
			);
			runOnlyForDeploymentPostprocessing = 0;
		};
/* End PBXSourcesBuildPhase section */

/* Begin XCBuildConfiguration section */
		724BCA8F26EE471300CC5E13 /* Debug */ = {
			isa = XCBuildConfiguration;
			buildSettings = {
				ALWAYS_SEARCH_USER_PATHS = NO;
				CLANG_ANALYZER_NONNULL = YES;
				CLANG_ANALYZER_NUMBER_OBJECT_CONVERSION = YES_AGGRESSIVE;
				CLANG_CXX_LANGUAGE_STANDARD = "gnu++14";
				CLANG_CXX_LIBRARY = "libc++";
				CLANG_ENABLE_MODULES = YES;
				CLANG_ENABLE_OBJC_ARC = YES;
				CLANG_ENABLE_OBJC_WEAK = YES;
				CLANG_WARN_BLOCK_CAPTURE_AUTORELEASING = YES;
				CLANG_WARN_BOOL_CONVERSION = YES;
				CLANG_WARN_COMMA = YES;
				CLANG_WARN_CONSTANT_CONVERSION = YES;
				CLANG_WARN_DEPRECATED_OBJC_IMPLEMENTATIONS = YES;
				CLANG_WARN_DIRECT_OBJC_ISA_USAGE = YES_ERROR;
				CLANG_WARN_DOCUMENTATION_COMMENTS = YES;
				CLANG_WARN_EMPTY_BODY = YES;
				CLANG_WARN_ENUM_CONVERSION = YES;
				CLANG_WARN_INFINITE_RECURSION = YES;
				CLANG_WARN_INT_CONVERSION = YES;
				CLANG_WARN_NON_LITERAL_NULL_CONVERSION = YES;
				CLANG_WARN_OBJC_IMPLICIT_RETAIN_SELF = YES;
				CLANG_WARN_OBJC_LITERAL_CONVERSION = YES;
				CLANG_WARN_OBJC_ROOT_CLASS = YES_ERROR;
				CLANG_WARN_QUOTED_INCLUDE_IN_FRAMEWORK_HEADER = YES;
				CLANG_WARN_RANGE_LOOP_ANALYSIS = YES;
				CLANG_WARN_STRICT_PROTOTYPES = YES;
				CLANG_WARN_SUSPICIOUS_MOVE = YES;
				CLANG_WARN_UNGUARDED_AVAILABILITY = YES_AGGRESSIVE;
				CLANG_WARN_UNREACHABLE_CODE = YES;
				CLANG_WARN__DUPLICATE_METHOD_MATCH = YES;
				COPY_PHASE_STRIP = NO;
				DEBUG_INFORMATION_FORMAT = dwarf;
				ENABLE_STRICT_OBJC_MSGSEND = YES;
				ENABLE_TESTABILITY = YES;
				GCC_C_LANGUAGE_STANDARD = gnu11;
				GCC_DYNAMIC_NO_PIC = NO;
				GCC_NO_COMMON_BLOCKS = YES;
				GCC_OPTIMIZATION_LEVEL = 0;
				GCC_PREPROCESSOR_DEFINITIONS = (
					"DEBUG=1",
					"$(inherited)",
				);
				GCC_WARN_64_TO_32_BIT_CONVERSION = YES;
				GCC_WARN_ABOUT_RETURN_TYPE = YES_ERROR;
				GCC_WARN_UNDECLARED_SELECTOR = YES;
				GCC_WARN_UNINITIALIZED_AUTOS = YES_AGGRESSIVE;
				GCC_WARN_UNUSED_FUNCTION = YES;
				GCC_WARN_UNUSED_VARIABLE = YES;
				MTL_ENABLE_DEBUG_INFO = INCLUDE_SOURCE;
				MTL_FAST_MATH = YES;
				ONLY_ACTIVE_ARCH = YES;
				SWIFT_ACTIVE_COMPILATION_CONDITIONS = DEBUG;
				SWIFT_OPTIMIZATION_LEVEL = "-Onone";
			};
			name = Debug;
		};
		724BCA9026EE471300CC5E13 /* Release */ = {
			isa = XCBuildConfiguration;
			buildSettings = {
				ALWAYS_SEARCH_USER_PATHS = NO;
				CLANG_ANALYZER_NONNULL = YES;
				CLANG_ANALYZER_NUMBER_OBJECT_CONVERSION = YES_AGGRESSIVE;
				CLANG_CXX_LANGUAGE_STANDARD = "gnu++14";
				CLANG_CXX_LIBRARY = "libc++";
				CLANG_ENABLE_MODULES = YES;
				CLANG_ENABLE_OBJC_ARC = YES;
				CLANG_ENABLE_OBJC_WEAK = YES;
				CLANG_WARN_BLOCK_CAPTURE_AUTORELEASING = YES;
				CLANG_WARN_BOOL_CONVERSION = YES;
				CLANG_WARN_COMMA = YES;
				CLANG_WARN_CONSTANT_CONVERSION = YES;
				CLANG_WARN_DEPRECATED_OBJC_IMPLEMENTATIONS = YES;
				CLANG_WARN_DIRECT_OBJC_ISA_USAGE = YES_ERROR;
				CLANG_WARN_DOCUMENTATION_COMMENTS = YES;
				CLANG_WARN_EMPTY_BODY = YES;
				CLANG_WARN_ENUM_CONVERSION = YES;
				CLANG_WARN_INFINITE_RECURSION = YES;
				CLANG_WARN_INT_CONVERSION = YES;
				CLANG_WARN_NON_LITERAL_NULL_CONVERSION = YES;
				CLANG_WARN_OBJC_IMPLICIT_RETAIN_SELF = YES;
				CLANG_WARN_OBJC_LITERAL_CONVERSION = YES;
				CLANG_WARN_OBJC_ROOT_CLASS = YES_ERROR;
				CLANG_WARN_QUOTED_INCLUDE_IN_FRAMEWORK_HEADER = YES;
				CLANG_WARN_RANGE_LOOP_ANALYSIS = YES;
				CLANG_WARN_STRICT_PROTOTYPES = YES;
				CLANG_WARN_SUSPICIOUS_MOVE = YES;
				CLANG_WARN_UNGUARDED_AVAILABILITY = YES_AGGRESSIVE;
				CLANG_WARN_UNREACHABLE_CODE = YES;
				CLANG_WARN__DUPLICATE_METHOD_MATCH = YES;
				COPY_PHASE_STRIP = NO;
				DEBUG_INFORMATION_FORMAT = "dwarf-with-dsym";
				ENABLE_NS_ASSERTIONS = NO;
				ENABLE_STRICT_OBJC_MSGSEND = YES;
				GCC_C_LANGUAGE_STANDARD = gnu11;
				GCC_NO_COMMON_BLOCKS = YES;
				GCC_WARN_64_TO_32_BIT_CONVERSION = YES;
				GCC_WARN_ABOUT_RETURN_TYPE = YES_ERROR;
				GCC_WARN_UNDECLARED_SELECTOR = YES;
				GCC_WARN_UNINITIALIZED_AUTOS = YES_AGGRESSIVE;
				GCC_WARN_UNUSED_FUNCTION = YES;
				GCC_WARN_UNUSED_VARIABLE = YES;
				MTL_ENABLE_DEBUG_INFO = NO;
				MTL_FAST_MATH = YES;
				SWIFT_COMPILATION_MODE = wholemodule;
				SWIFT_OPTIMIZATION_LEVEL = "-O";
			};
			name = Release;
		};
		724BCA9226EE471300CC5E13 /* Debug */ = {
			isa = XCBuildConfiguration;
			buildSettings = {
				ASSETCATALOG_COMPILER_APPICON_NAME = AppIcon;
				ASSETCATALOG_COMPILER_GLOBAL_ACCENT_COLOR_NAME = AccentColor;
				CODE_SIGN_STYLE = Automatic;
				DEVELOPMENT_TEAM = S4G67KLBRN;
				ENABLE_PREVIEWS = YES;
				INFOPLIST_FILE = iOS/Info.plist;
				IPHONEOS_DEPLOYMENT_TARGET = 14.0;
				LD_RUNPATH_SEARCH_PATHS = (
					"$(inherited)",
					"@executable_path/Frameworks",
				);
				PRODUCT_BUNDLE_IDENTIFIER = sajpanchal.SnowSeeker;
				PRODUCT_NAME = SnowSeeker;
				SDKROOT = iphoneos;
				SWIFT_VERSION = 5.0;
				TARGETED_DEVICE_FAMILY = "1,2";
			};
			name = Debug;
		};
		724BCA9326EE471300CC5E13 /* Release */ = {
			isa = XCBuildConfiguration;
			buildSettings = {
				ASSETCATALOG_COMPILER_APPICON_NAME = AppIcon;
				ASSETCATALOG_COMPILER_GLOBAL_ACCENT_COLOR_NAME = AccentColor;
				CODE_SIGN_STYLE = Automatic;
				DEVELOPMENT_TEAM = S4G67KLBRN;
				ENABLE_PREVIEWS = YES;
				INFOPLIST_FILE = iOS/Info.plist;
				IPHONEOS_DEPLOYMENT_TARGET = 14.0;
				LD_RUNPATH_SEARCH_PATHS = (
					"$(inherited)",
					"@executable_path/Frameworks",
				);
				PRODUCT_BUNDLE_IDENTIFIER = sajpanchal.SnowSeeker;
				PRODUCT_NAME = SnowSeeker;
				SDKROOT = iphoneos;
				SWIFT_VERSION = 5.0;
				TARGETED_DEVICE_FAMILY = "1,2";
				VALIDATE_PRODUCT = YES;
			};
			name = Release;
		};
		724BCA9526EE471300CC5E13 /* Debug */ = {
			isa = XCBuildConfiguration;
			buildSettings = {
				ASSETCATALOG_COMPILER_APPICON_NAME = AppIcon;
				ASSETCATALOG_COMPILER_GLOBAL_ACCENT_COLOR_NAME = AccentColor;
				CODE_SIGN_ENTITLEMENTS = macOS/macOS.entitlements;
				CODE_SIGN_STYLE = Automatic;
				COMBINE_HIDPI_IMAGES = YES;
				DEVELOPMENT_TEAM = S4G67KLBRN;
				ENABLE_HARDENED_RUNTIME = YES;
				ENABLE_PREVIEWS = YES;
				INFOPLIST_FILE = macOS/Info.plist;
				LD_RUNPATH_SEARCH_PATHS = (
					"$(inherited)",
					"@executable_path/../Frameworks",
				);
				MACOSX_DEPLOYMENT_TARGET = 11.0;
				PRODUCT_BUNDLE_IDENTIFIER = sajpanchal.SnowSeeker;
				PRODUCT_NAME = SnowSeeker;
				SDKROOT = macosx;
				SWIFT_VERSION = 5.0;
			};
			name = Debug;
		};
		724BCA9626EE471300CC5E13 /* Release */ = {
			isa = XCBuildConfiguration;
			buildSettings = {
				ASSETCATALOG_COMPILER_APPICON_NAME = AppIcon;
				ASSETCATALOG_COMPILER_GLOBAL_ACCENT_COLOR_NAME = AccentColor;
				CODE_SIGN_ENTITLEMENTS = macOS/macOS.entitlements;
				CODE_SIGN_STYLE = Automatic;
				COMBINE_HIDPI_IMAGES = YES;
				DEVELOPMENT_TEAM = S4G67KLBRN;
				ENABLE_HARDENED_RUNTIME = YES;
				ENABLE_PREVIEWS = YES;
				INFOPLIST_FILE = macOS/Info.plist;
				LD_RUNPATH_SEARCH_PATHS = (
					"$(inherited)",
					"@executable_path/../Frameworks",
				);
				MACOSX_DEPLOYMENT_TARGET = 11.0;
				PRODUCT_BUNDLE_IDENTIFIER = sajpanchal.SnowSeeker;
				PRODUCT_NAME = SnowSeeker;
				SDKROOT = macosx;
				SWIFT_VERSION = 5.0;
			};
			name = Release;
		};
/* End XCBuildConfiguration section */

/* Begin XCConfigurationList section */
		724BCA7426EE471100CC5E13 /* Build configuration list for PBXProject "SnowSeeker" */ = {
			isa = XCConfigurationList;
			buildConfigurations = (
				724BCA8F26EE471300CC5E13 /* Debug */,
				724BCA9026EE471300CC5E13 /* Release */,
			);
			defaultConfigurationIsVisible = 0;
			defaultConfigurationName = Release;
		};
		724BCA9126EE471300CC5E13 /* Build configuration list for PBXNativeTarget "SnowSeeker (iOS)" */ = {
			isa = XCConfigurationList;
			buildConfigurations = (
				724BCA9226EE471300CC5E13 /* Debug */,
				724BCA9326EE471300CC5E13 /* Release */,
			);
			defaultConfigurationIsVisible = 0;
			defaultConfigurationName = Release;
		};
		724BCA9426EE471300CC5E13 /* Build configuration list for PBXNativeTarget "SnowSeeker (macOS)" */ = {
			isa = XCConfigurationList;
			buildConfigurations = (
				724BCA9526EE471300CC5E13 /* Debug */,
				724BCA9626EE471300CC5E13 /* Release */,
			);
			defaultConfigurationIsVisible = 0;
			defaultConfigurationName = Release;
		};
/* End XCConfigurationList section */
	};
	rootObject = 724BCA7126EE471100CC5E13 /* Project object */;
}
